PODS:
  - PMSuperButton (3.0.2)
  - Realm (5.2.0):
    - Realm/Headers (= 5.2.0)
  - Realm/Headers (5.2.0)
  - RealmSwift (5.2.0):
    - Realm (= 5.2.0)

DEPENDENCIES:
  - PMSuperButton
  - RealmSwift

SPEC REPOS:
  trunk:
    - PMSuperButton
    - Realm
    - RealmSwift

SPEC CHECKSUMS:
  PMSuperButton: 72105fef415890c8792a9e5a784f75c461066f8b
  Realm: f749c723e272f08fdf1939af5e61d2bd09b203e8
  RealmSwift: bf0ab78b52c5bafba8b3ad73be8dfb4c1ea5cf01

PODFILE CHECKSUM: eda616908f8e7356f44f59b4afb29238f576cdfc

COCOAPODS: 1.9.3
