// !$*UTF8*$!
{
	archiveVersion = 1;
	classes = {
	};
	objectVersion = 51;
	objects = {

/* Begin PBXBuildFile section */
		2F78EC2F24710EA90067C1E2 /* EDTableViewCell.swift in Sources */ = {isa = PBXBuildFile; fileRef = 2F78EC2E24710EA90067C1E2 /* EDTableViewCell.swift */; };
		3F002F5D24201F19002C73F4 /* Notifications.swift in Sources */ = {isa = PBXBuildFile; fileRef = 3F002F5C24201F19002C73F4 /* Notifications.swift */; };
		3F15C5C424AE59230026E144 /* Lazy Globals.swift in Sources */ = {isa = PBXBuildFile; fileRef = 3F15C5C324AE59230026E144 /* Lazy Globals.swift */; };
		3F15C5C624AE594B0026E144 /* Entry.swift in Sources */ = {isa = PBXBuildFile; fileRef = 3F15C5C524AE594B0026E144 /* Entry.swift */; };
		3F15C5C824AE59970026E144 /* Category.swift in Sources */ = {isa = PBXBuildFile; fileRef = 3F15C5C724AE59970026E144 /* Category.swift */; };
		3F15C5CA24AE5A000026E144 /* Data Management.swift in Sources */ = {isa = PBXBuildFile; fileRef = 3F15C5C924AE5A000026E144 /* Data Management.swift */; };
		3F15C5CC24AE5A360026E144 /* Date and Time.swift in Sources */ = {isa = PBXBuildFile; fileRef = 3F15C5CB24AE5A360026E144 /* Date and Time.swift */; };
		3F15C5D024AE5D560026E144 /* Graph Data Source.swift in Sources */ = {isa = PBXBuildFile; fileRef = 3F15C5CF24AE5D560026E144 /* Graph Data Source.swift */; };
		3F15C5D224AE88C40026E144 /* Array + Median.swift in Sources */ = {isa = PBXBuildFile; fileRef = 3F15C5D124AE88C40026E144 /* Array + Median.swift */; };
		3F15C5D524AE8EBE0026E144 /* Keyboard Dismiss on Tap.swift in Sources */ = {isa = PBXBuildFile; fileRef = 3F15C5D424AE8EBE0026E144 /* Keyboard Dismiss on Tap.swift */; };
		3F15C5D724AE8F020026E144 /* Alert + Functions.swift in Sources */ = {isa = PBXBuildFile; fileRef = 3F15C5D624AE8F020026E144 /* Alert + Functions.swift */; };
		3F15C5D924AE8F610026E144 /* NSException + cutsom.swift in Sources */ = {isa = PBXBuildFile; fileRef = 3F15C5D824AE8F610026E144 /* NSException + cutsom.swift */; };
		3F1B00A124241C390070E0FF /* FOTableViewCell.swift in Sources */ = {isa = PBXBuildFile; fileRef = 3F1B00A024241C390070E0FF /* FOTableViewCell.swift */; };
		3F68407524AD2E9900C92611 /* GRViewController.swift in Sources */ = {isa = PBXBuildFile; fileRef = 3F68407224AD2E9900C92611 /* GRViewController.swift */; };
		3F68407624AD2E9900C92611 /* GRLineView.swift in Sources */ = {isa = PBXBuildFile; fileRef = 3F68407324AD2E9900C92611 /* GRLineView.swift */; };
		3F68407724AD2E9900C92611 /* GRSegmentedControl.swift in Sources */ = {isa = PBXBuildFile; fileRef = 3F68407424AD2E9900C92611 /* GRSegmentedControl.swift */; };
		3F6AE09A24AA77EB00EB228B /* EI + Text Fields.swift in Sources */ = {isa = PBXBuildFile; fileRef = 3F6AE09924AA77EB00EB228B /* EI + Text Fields.swift */; };
		3F6AE09C24AA781C00EB228B /* EI + DatePicker.swift in Sources */ = {isa = PBXBuildFile; fileRef = 3F6AE09B24AA781C00EB228B /* EI + DatePicker.swift */; };
		3F6AE09E24AA78BD00EB228B /* EI + Validation.swift in Sources */ = {isa = PBXBuildFile; fileRef = 3F6AE09D24AA78BD00EB228B /* EI + Validation.swift */; };
		3F6AE0A024AA7C9700EB228B /* FO + Table View.swift in Sources */ = {isa = PBXBuildFile; fileRef = 3F6AE09F24AA7C9700EB228B /* FO + Table View.swift */; };
		3F838F6624A9BE7F00EA1CFB /* ED + Table View.swift in Sources */ = {isa = PBXBuildFile; fileRef = 3F838F6524A9BE7F00EA1CFB /* ED + Table View.swift */; };
		3F838F6824A9BF3900EA1CFB /* ED + Observers.swift in Sources */ = {isa = PBXBuildFile; fileRef = 3F838F6724A9BF3900EA1CFB /* ED + Observers.swift */; };
		3FBFDE13241ECEE1006DAC7A /* AppDelegate.swift in Sources */ = {isa = PBXBuildFile; fileRef = 3FBFDE12241ECEE1006DAC7A /* AppDelegate.swift */; };
		3FBFDE15241ECEE1006DAC7A /* SceneDelegate.swift in Sources */ = {isa = PBXBuildFile; fileRef = 3FBFDE14241ECEE1006DAC7A /* SceneDelegate.swift */; };
		3FBFDE17241ECEE1006DAC7A /* FOViewController.swift in Sources */ = {isa = PBXBuildFile; fileRef = 3FBFDE16241ECEE1006DAC7A /* FOViewController.swift */; };
		3FBFDE1A241ECEE1006DAC7A /* Main.storyboard in Resources */ = {isa = PBXBuildFile; fileRef = 3FBFDE18241ECEE1006DAC7A /* Main.storyboard */; };
		3FBFDE1C241ECEE1006DAC7A /* Assets.xcassets in Resources */ = {isa = PBXBuildFile; fileRef = 3FBFDE1B241ECEE1006DAC7A /* Assets.xcassets */; };
		3FBFDE1F241ECEE1006DAC7A /* LaunchScreen.storyboard in Resources */ = {isa = PBXBuildFile; fileRef = 3FBFDE1D241ECEE1006DAC7A /* LaunchScreen.storyboard */; };
		3FBFDE35241ED1A7006DAC7A /* EDViewController.swift in Sources */ = {isa = PBXBuildFile; fileRef = 3FBFDE34241ED1A7006DAC7A /* EDViewController.swift */; };
		8F4982C924AA386E00BD2B01 /* EI + Picker.swift in Sources */ = {isa = PBXBuildFile; fileRef = 8F4982C824AA386E00BD2B01 /* EI + Picker.swift */; };
		B746C6E52445E0CC0004BD75 /* EIViewController.swift in Sources */ = {isa = PBXBuildFile; fileRef = B746C6E42445E0CC0004BD75 /* EIViewController.swift */; };
		B7B50201245956430008BADE /* Data Validation.swift in Sources */ = {isa = PBXBuildFile; fileRef = B7B50200245956430008BADE /* Data Validation.swift */; };
		B7BA9FB1244C318D00923A60 /* Helpers.swift in Sources */ = {isa = PBXBuildFile; fileRef = B7BA9FB0244C318D00923A60 /* Helpers.swift */; };
		E997922E779460D8CAF86427 /* Pods_iOS_FinanceApp.framework in Frameworks */ = {isa = PBXBuildFile; fileRef = 00CF20B460B61E5052790D07 /* Pods_iOS_FinanceApp.framework */; };
/* End PBXBuildFile section */

/* Begin PBXFileReference section */
		00CF20B460B61E5052790D07 /* Pods_iOS_FinanceApp.framework */ = {isa = PBXFileReference; explicitFileType = wrapper.framework; includeInIndex = 0; path = Pods_iOS_FinanceApp.framework; sourceTree = BUILT_PRODUCTS_DIR; };
		2F78EC2E24710EA90067C1E2 /* EDTableViewCell.swift */ = {isa = PBXFileReference; fileEncoding = 4; lastKnownFileType = sourcecode.swift; path = EDTableViewCell.swift; sourceTree = "<group>"; };
		3F002F5C24201F19002C73F4 /* Notifications.swift */ = {isa = PBXFileReference; lastKnownFileType = sourcecode.swift; path = Notifications.swift; sourceTree = "<group>"; };
		3F15C5C324AE59230026E144 /* Lazy Globals.swift */ = {isa = PBXFileReference; lastKnownFileType = sourcecode.swift; path = "Lazy Globals.swift"; sourceTree = "<group>"; };
		3F15C5C524AE594B0026E144 /* Entry.swift */ = {isa = PBXFileReference; lastKnownFileType = sourcecode.swift; path = Entry.swift; sourceTree = "<group>"; };
		3F15C5C724AE59970026E144 /* Category.swift */ = {isa = PBXFileReference; lastKnownFileType = sourcecode.swift; path = Category.swift; sourceTree = "<group>"; };
		3F15C5C924AE5A000026E144 /* Data Management.swift */ = {isa = PBXFileReference; lastKnownFileType = sourcecode.swift; path = "Data Management.swift"; sourceTree = "<group>"; };
		3F15C5CB24AE5A360026E144 /* Date and Time.swift */ = {isa = PBXFileReference; lastKnownFileType = sourcecode.swift; path = "Date and Time.swift"; sourceTree = "<group>"; };
		3F15C5CF24AE5D560026E144 /* Graph Data Source.swift */ = {isa = PBXFileReference; lastKnownFileType = sourcecode.swift; path = "Graph Data Source.swift"; sourceTree = "<group>"; };
		3F15C5D124AE88C40026E144 /* Array + Median.swift */ = {isa = PBXFileReference; lastKnownFileType = sourcecode.swift; path = "Array + Median.swift"; sourceTree = "<group>"; };
		3F15C5D424AE8EBE0026E144 /* Keyboard Dismiss on Tap.swift */ = {isa = PBXFileReference; lastKnownFileType = sourcecode.swift; path = "Keyboard Dismiss on Tap.swift"; sourceTree = "<group>"; };
		3F15C5D624AE8F020026E144 /* Alert + Functions.swift */ = {isa = PBXFileReference; lastKnownFileType = sourcecode.swift; path = "Alert + Functions.swift"; sourceTree = "<group>"; };
		3F15C5D824AE8F610026E144 /* NSException + cutsom.swift */ = {isa = PBXFileReference; lastKnownFileType = sourcecode.swift; path = "NSException + cutsom.swift"; sourceTree = "<group>"; };
		3F1B00A024241C390070E0FF /* FOTableViewCell.swift */ = {isa = PBXFileReference; lastKnownFileType = sourcecode.swift; path = FOTableViewCell.swift; sourceTree = "<group>"; };
		3F68407224AD2E9900C92611 /* GRViewController.swift */ = {isa = PBXFileReference; fileEncoding = 4; lastKnownFileType = sourcecode.swift; name = GRViewController.swift; path = "iOS-FinanceApp/Graph View/GRViewController.swift"; sourceTree = "<group>"; };
		3F68407324AD2E9900C92611 /* GRLineView.swift */ = {isa = PBXFileReference; fileEncoding = 4; lastKnownFileType = sourcecode.swift; name = GRLineView.swift; path = "iOS-FinanceApp/Graph View/GRLineView.swift"; sourceTree = "<group>"; };
		3F68407424AD2E9900C92611 /* GRSegmentedControl.swift */ = {isa = PBXFileReference; fileEncoding = 4; lastKnownFileType = sourcecode.swift; name = GRSegmentedControl.swift; path = "iOS-FinanceApp/Graph View/GRSegmentedControl.swift"; sourceTree = "<group>"; };
		3F6AE09924AA77EB00EB228B /* EI + Text Fields.swift */ = {isa = PBXFileReference; lastKnownFileType = sourcecode.swift; path = "EI + Text Fields.swift"; sourceTree = "<group>"; };
		3F6AE09B24AA781C00EB228B /* EI + DatePicker.swift */ = {isa = PBXFileReference; lastKnownFileType = sourcecode.swift; path = "EI + DatePicker.swift"; sourceTree = "<group>"; };
		3F6AE09D24AA78BD00EB228B /* EI + Validation.swift */ = {isa = PBXFileReference; lastKnownFileType = sourcecode.swift; path = "EI + Validation.swift"; sourceTree = "<group>"; };
		3F6AE09F24AA7C9700EB228B /* FO + Table View.swift */ = {isa = PBXFileReference; lastKnownFileType = sourcecode.swift; path = "FO + Table View.swift"; sourceTree = "<group>"; };
		3F838F6524A9BE7F00EA1CFB /* ED + Table View.swift */ = {isa = PBXFileReference; lastKnownFileType = sourcecode.swift; path = "ED + Table View.swift"; sourceTree = "<group>"; };
		3F838F6724A9BF3900EA1CFB /* ED + Observers.swift */ = {isa = PBXFileReference; lastKnownFileType = sourcecode.swift; path = "ED + Observers.swift"; sourceTree = "<group>"; };
		3FBFDE0F241ECEE0006DAC7A /* iOS-FinanceApp.app */ = {isa = PBXFileReference; explicitFileType = wrapper.application; includeInIndex = 0; path = "iOS-FinanceApp.app"; sourceTree = BUILT_PRODUCTS_DIR; };
		3FBFDE12241ECEE1006DAC7A /* AppDelegate.swift */ = {isa = PBXFileReference; lastKnownFileType = sourcecode.swift; path = AppDelegate.swift; sourceTree = "<group>"; };
		3FBFDE14241ECEE1006DAC7A /* SceneDelegate.swift */ = {isa = PBXFileReference; lastKnownFileType = sourcecode.swift; path = SceneDelegate.swift; sourceTree = "<group>"; };
		3FBFDE16241ECEE1006DAC7A /* FOViewController.swift */ = {isa = PBXFileReference; lastKnownFileType = sourcecode.swift; path = FOViewController.swift; sourceTree = "<group>"; };
		3FBFDE19241ECEE1006DAC7A /* Base */ = {isa = PBXFileReference; lastKnownFileType = file.storyboard; name = Base; path = Base.lproj/Main.storyboard; sourceTree = "<group>"; };
		3FBFDE1B241ECEE1006DAC7A /* Assets.xcassets */ = {isa = PBXFileReference; lastKnownFileType = folder.assetcatalog; path = Assets.xcassets; sourceTree = "<group>"; };
		3FBFDE1E241ECEE1006DAC7A /* Base */ = {isa = PBXFileReference; lastKnownFileType = file.storyboard; name = Base; path = Base.lproj/LaunchScreen.storyboard; sourceTree = "<group>"; };
		3FBFDE20241ECEE1006DAC7A /* Info.plist */ = {isa = PBXFileReference; lastKnownFileType = text.plist.xml; path = Info.plist; sourceTree = "<group>"; };
		3FBFDE34241ED1A7006DAC7A /* EDViewController.swift */ = {isa = PBXFileReference; lastKnownFileType = sourcecode.swift; path = EDViewController.swift; sourceTree = "<group>"; };
		8F4982C824AA386E00BD2B01 /* EI + Picker.swift */ = {isa = PBXFileReference; lastKnownFileType = sourcecode.swift; path = "EI + Picker.swift"; sourceTree = "<group>"; };
		B746C6E42445E0CC0004BD75 /* EIViewController.swift */ = {isa = PBXFileReference; lastKnownFileType = sourcecode.swift; path = EIViewController.swift; sourceTree = "<group>"; };
		B7B50200245956430008BADE /* Data Validation.swift */ = {isa = PBXFileReference; lastKnownFileType = sourcecode.swift; path = "Data Validation.swift"; sourceTree = "<group>"; };
		B7BA9FB0244C318D00923A60 /* Helpers.swift */ = {isa = PBXFileReference; lastKnownFileType = sourcecode.swift; path = Helpers.swift; sourceTree = "<group>"; };
		BECD4E5233A33DB992BE6982 /* Pods-iOS-FinanceApp.debug.xcconfig */ = {isa = PBXFileReference; includeInIndex = 1; lastKnownFileType = text.xcconfig; name = "Pods-iOS-FinanceApp.debug.xcconfig"; path = "Target Support Files/Pods-iOS-FinanceApp/Pods-iOS-FinanceApp.debug.xcconfig"; sourceTree = "<group>"; };
		D3B138EC1F2A429ECE071FF2 /* Pods-iOS-FinanceApp.release.xcconfig */ = {isa = PBXFileReference; includeInIndex = 1; lastKnownFileType = text.xcconfig; name = "Pods-iOS-FinanceApp.release.xcconfig"; path = "Target Support Files/Pods-iOS-FinanceApp/Pods-iOS-FinanceApp.release.xcconfig"; sourceTree = "<group>"; };
/* End PBXFileReference section */

/* Begin PBXFrameworksBuildPhase section */
		3FBFDE0C241ECEE0006DAC7A /* Frameworks */ = {
			isa = PBXFrameworksBuildPhase;
			buildActionMask = 2147483647;
			files = (
				E997922E779460D8CAF86427 /* Pods_iOS_FinanceApp.framework in Frameworks */,
			);
			runOnlyForDeploymentPostprocessing = 0;
		};
/* End PBXFrameworksBuildPhase section */

/* Begin PBXGroup section */
		3C0300666E1FABC8FE736C23 /* Pods */ = {
			isa = PBXGroup;
			children = (
				BECD4E5233A33DB992BE6982 /* Pods-iOS-FinanceApp.debug.xcconfig */,
				D3B138EC1F2A429ECE071FF2 /* Pods-iOS-FinanceApp.release.xcconfig */,
			);
			path = Pods;
			sourceTree = "<group>";
		};
		3F15C5D324AE88CD0026E144 /* Extensions */ = {
			isa = PBXGroup;
			children = (
				3F15C5D624AE8F020026E144 /* Alert + Functions.swift */,
				3F15C5D124AE88C40026E144 /* Array + Median.swift */,
				3F15C5D424AE8EBE0026E144 /* Keyboard Dismiss on Tap.swift */,
				3F15C5D824AE8F610026E144 /* NSException + cutsom.swift */,
			);
			path = Extensions;
			sourceTree = "<group>";
		};
		3F822FE42484478600337513 /* Graph Scene */ = {
			isa = PBXGroup;
			children = (
				3F68407324AD2E9900C92611 /* GRLineView.swift */,
				3F68407424AD2E9900C92611 /* GRSegmentedControl.swift */,
				3F68407224AD2E9900C92611 /* GRViewController.swift */,
			);
			name = "Graph Scene";
			path = ..;
			sourceTree = "<group>";
		};
		3F838F6424A9BCB400EA1CFB /* Finance Overview */ = {
			isa = PBXGroup;
			children = (
				3F6AE09F24AA7C9700EB228B /* FO + Table View.swift */,
				3F1B00A024241C390070E0FF /* FOTableViewCell.swift */,
				3FBFDE16241ECEE1006DAC7A /* FOViewController.swift */,
			);
			path = "Finance Overview";
			sourceTree = "<group>";
		};
		3FBFDE06241ECEE0006DAC7A = {
			isa = PBXGroup;
			children = (
				3FBFDE11241ECEE0006DAC7A /* iOS-FinanceApp */,
				3C0300666E1FABC8FE736C23 /* Pods */,
				3FBFDE10241ECEE0006DAC7A /* Products */,
				FF97D0DAE5DD72E0AAD585B8 /* Frameworks */,
			);
			sourceTree = "<group>";
		};
		3FBFDE10241ECEE0006DAC7A /* Products */ = {
			isa = PBXGroup;
			children = (
				3FBFDE0F241ECEE0006DAC7A /* iOS-FinanceApp.app */,
			);
			name = Products;
			sourceTree = "<group>";
		};
		3FBFDE11241ECEE0006DAC7A /* iOS-FinanceApp */ = {
			isa = PBXGroup;
			children = (
				3FBFDE12241ECEE1006DAC7A /* AppDelegate.swift */,
				3FBFDE1B241ECEE1006DAC7A /* Assets.xcassets */,
				B7CE14B9245AC63400B07DA1 /* Backend */,
				3FBFDE38241ED1D9006DAC7A /* Entry Insertion */,
				B7CE14B8245AC62400B07DA1 /* Expenses Details */,
				3F15C5D324AE88CD0026E144 /* Extensions */,
				3F838F6424A9BCB400EA1CFB /* Finance Overview */,
				3F822FE42484478600337513 /* Graph Scene */,
				3FBFDE20241ECEE1006DAC7A /* Info.plist */,
				3FBFDE1D241ECEE1006DAC7A /* LaunchScreen.storyboard */,
				3FBFDE18241ECEE1006DAC7A /* Main.storyboard */,
				3FBFDE14241ECEE1006DAC7A /* SceneDelegate.swift */,
			);
			path = "iOS-FinanceApp";
			sourceTree = "<group>";
		};
		3FBFDE38241ED1D9006DAC7A /* Entry Insertion */ = {
			isa = PBXGroup;
			children = (
				3F6AE09B24AA781C00EB228B /* EI + DatePicker.swift */,
				8F4982C824AA386E00BD2B01 /* EI + Picker.swift */,
				3F6AE09924AA77EB00EB228B /* EI + Text Fields.swift */,
				3F6AE09D24AA78BD00EB228B /* EI + Validation.swift */,
				B746C6E42445E0CC0004BD75 /* EIViewController.swift */,
			);
			path = "Entry Insertion";
			sourceTree = "<group>";
		};
		B7CE14B8245AC62400B07DA1 /* Expenses Details */ = {
			isa = PBXGroup;
			children = (
				3F838F6724A9BF3900EA1CFB /* ED + Observers.swift */,
				3F838F6524A9BE7F00EA1CFB /* ED + Table View.swift */,
				2F78EC2E24710EA90067C1E2 /* EDTableViewCell.swift */,
				3FBFDE34241ED1A7006DAC7A /* EDViewController.swift */,
			);
			path = "Expenses Details";
			sourceTree = "<group>";
		};
		B7CE14B9245AC63400B07DA1 /* Backend */ = {
			isa = PBXGroup;
			children = (
				3F15C5C724AE59970026E144 /* Category.swift */,
				3F15C5C924AE5A000026E144 /* Data Management.swift */,
				3F15C5C324AE59230026E144 /* Lazy Globals.swift */,
				B7B50200245956430008BADE /* Data Validation.swift */,
				3F15C5CB24AE5A360026E144 /* Date and Time.swift */,
				3F15C5C524AE594B0026E144 /* Entry.swift */,
				3F15C5CF24AE5D560026E144 /* Graph Data Source.swift */,
				B7BA9FB0244C318D00923A60 /* Helpers.swift */,
				3F002F5C24201F19002C73F4 /* Notifications.swift */,
			);
			path = Backend;
			sourceTree = "<group>";
		};
		FF97D0DAE5DD72E0AAD585B8 /* Frameworks */ = {
			isa = PBXGroup;
			children = (
				00CF20B460B61E5052790D07 /* Pods_iOS_FinanceApp.framework */,
			);
			name = Frameworks;
			sourceTree = "<group>";
		};
/* End PBXGroup section */

/* Begin PBXNativeTarget section */
		3FBFDE0E241ECEE0006DAC7A /* iOS-FinanceApp */ = {
			isa = PBXNativeTarget;
			buildConfigurationList = 3FBFDE2E241ECEE1006DAC7A /* Build configuration list for PBXNativeTarget "iOS-FinanceApp" */;
			buildPhases = (
				096663FAAC6C989097CB1D97 /* [CP] Check Pods Manifest.lock */,
				3FBFDE0B241ECEE0006DAC7A /* Sources */,
				3FBFDE0C241ECEE0006DAC7A /* Frameworks */,
				3FBFDE0D241ECEE0006DAC7A /* Resources */,
				7FF7FC0AEA47CDD81FB22778 /* [CP] Embed Pods Frameworks */,
			);
			buildRules = (
			);
			dependencies = (
			);
			name = "iOS-FinanceApp";
			productName = "iOS-FinanceApp";
			productReference = 3FBFDE0F241ECEE0006DAC7A /* iOS-FinanceApp.app */;
			productType = "com.apple.product-type.application";
		};
/* End PBXNativeTarget section */

/* Begin PBXProject section */
		3FBFDE07241ECEE0006DAC7A /* Project object */ = {
			isa = PBXProject;
			attributes = {
				LastSwiftUpdateCheck = 1130;
				LastUpgradeCheck = 1130;
				ORGANIZATIONNAME = "Dmitry Aksyonov";
				TargetAttributes = {
					3FBFDE0E241ECEE0006DAC7A = {
						CreatedOnToolsVersion = 11.3.1;
					};
				};
			};
			buildConfigurationList = 3FBFDE0A241ECEE0006DAC7A /* Build configuration list for PBXProject "iOS-FinanceApp" */;
			compatibilityVersion = "Xcode 9.3";
			developmentRegion = en;
			hasScannedForEncodings = 0;
			knownRegions = (
				en,
				Base,
			);
			mainGroup = 3FBFDE06241ECEE0006DAC7A;
			productRefGroup = 3FBFDE10241ECEE0006DAC7A /* Products */;
			projectDirPath = "";
			projectRoot = "";
			targets = (
				3FBFDE0E241ECEE0006DAC7A /* iOS-FinanceApp */,
			);
		};
/* End PBXProject section */

/* Begin PBXResourcesBuildPhase section */
		3FBFDE0D241ECEE0006DAC7A /* Resources */ = {
			isa = PBXResourcesBuildPhase;
			buildActionMask = 2147483647;
			files = (
				3FBFDE1F241ECEE1006DAC7A /* LaunchScreen.storyboard in Resources */,
				3FBFDE1C241ECEE1006DAC7A /* Assets.xcassets in Resources */,
				3FBFDE1A241ECEE1006DAC7A /* Main.storyboard in Resources */,
			);
			runOnlyForDeploymentPostprocessing = 0;
		};
/* End PBXResourcesBuildPhase section */

/* Begin PBXShellScriptBuildPhase section */
		096663FAAC6C989097CB1D97 /* [CP] Check Pods Manifest.lock */ = {
			isa = PBXShellScriptBuildPhase;
			buildActionMask = 2147483647;
			files = (
			);
			inputFileListPaths = (
			);
			inputPaths = (
				"${PODS_PODFILE_DIR_PATH}/Podfile.lock",
				"${PODS_ROOT}/Manifest.lock",
			);
			name = "[CP] Check Pods Manifest.lock";
			outputFileListPaths = (
			);
			outputPaths = (
				"$(DERIVED_FILE_DIR)/Pods-iOS-FinanceApp-checkManifestLockResult.txt",
			);
			runOnlyForDeploymentPostprocessing = 0;
			shellPath = /bin/sh;
			shellScript = "diff \"${PODS_PODFILE_DIR_PATH}/Podfile.lock\" \"${PODS_ROOT}/Manifest.lock\" > /dev/null\nif [ $? != 0 ] ; then\n    # print error to STDERR\n    echo \"error: The sandbox is not in sync with the Podfile.lock. Run 'pod install' or update your CocoaPods installation.\" >&2\n    exit 1\nfi\n# This output is used by Xcode 'outputs' to avoid re-running this script phase.\necho \"SUCCESS\" > \"${SCRIPT_OUTPUT_FILE_0}\"\n";
			showEnvVarsInLog = 0;
		};
		7FF7FC0AEA47CDD81FB22778 /* [CP] Embed Pods Frameworks */ = {
			isa = PBXShellScriptBuildPhase;
			buildActionMask = 2147483647;
			files = (
			);
			inputFileListPaths = (
				"${PODS_ROOT}/Target Support Files/Pods-iOS-FinanceApp/Pods-iOS-FinanceApp-frameworks-${CONFIGURATION}-input-files.xcfilelist",
			);
			name = "[CP] Embed Pods Frameworks";
			outputFileListPaths = (
				"${PODS_ROOT}/Target Support Files/Pods-iOS-FinanceApp/Pods-iOS-FinanceApp-frameworks-${CONFIGURATION}-output-files.xcfilelist",
			);
			runOnlyForDeploymentPostprocessing = 0;
			shellPath = /bin/sh;
			shellScript = "\"${PODS_ROOT}/Target Support Files/Pods-iOS-FinanceApp/Pods-iOS-FinanceApp-frameworks.sh\"\n";
			showEnvVarsInLog = 0;
		};
/* End PBXShellScriptBuildPhase section */

/* Begin PBXSourcesBuildPhase section */
		3FBFDE0B241ECEE0006DAC7A /* Sources */ = {
			isa = PBXSourcesBuildPhase;
			buildActionMask = 2147483647;
			files = (
				B7B50201245956430008BADE /* Data Validation.swift in Sources */,
				3F68407724AD2E9900C92611 /* GRSegmentedControl.swift in Sources */,
				3FBFDE17241ECEE1006DAC7A /* FOViewController.swift in Sources */,
				3F838F6824A9BF3900EA1CFB /* ED + Observers.swift in Sources */,
				3F15C5C424AE59230026E144 /* Lazy Globals.swift in Sources */,
				3F68407624AD2E9900C92611 /* GRLineView.swift in Sources */,
				3F15C5C624AE594B0026E144 /* Entry.swift in Sources */,
				3FBFDE13241ECEE1006DAC7A /* AppDelegate.swift in Sources */,
				3F838F6624A9BE7F00EA1CFB /* ED + Table View.swift in Sources */,
				3FBFDE35241ED1A7006DAC7A /* EDViewController.swift in Sources */,
				3F6AE0A024AA7C9700EB228B /* FO + Table View.swift in Sources */,
				B7BA9FB1244C318D00923A60 /* Helpers.swift in Sources */,
				3F6AE09E24AA78BD00EB228B /* EI + Validation.swift in Sources */,
				8F4982C924AA386E00BD2B01 /* EI + Picker.swift in Sources */,
				3F15C5D024AE5D560026E144 /* Graph Data Source.swift in Sources */,
				3F15C5C824AE59970026E144 /* Category.swift in Sources */,
				3F15C5D724AE8F020026E144 /* Alert + Functions.swift in Sources */,
				3F15C5D924AE8F610026E144 /* NSException + cutsom.swift in Sources */,
				3F15C5D524AE8EBE0026E144 /* Keyboard Dismiss on Tap.swift in Sources */,
				3F1B00A124241C390070E0FF /* FOTableViewCell.swift in Sources */,
				B746C6E52445E0CC0004BD75 /* EIViewController.swift in Sources */,
				2F78EC2F24710EA90067C1E2 /* EDTableViewCell.swift in Sources */,
				3FBFDE15241ECEE1006DAC7A /* SceneDelegate.swift in Sources */,
				3F002F5D24201F19002C73F4 /* Notifications.swift in Sources */,
				3F68407524AD2E9900C92611 /* GRViewController.swift in Sources */,
				3F15C5D224AE88C40026E144 /* Array + Median.swift in Sources */,
				3F15C5CC24AE5A360026E144 /* Date and Time.swift in Sources */,
				3F6AE09A24AA77EB00EB228B /* EI + Text Fields.swift in Sources */,
				3F6AE09C24AA781C00EB228B /* EI + DatePicker.swift in Sources */,
				3F15C5CA24AE5A000026E144 /* Data Management.swift in Sources */,
			);
			runOnlyForDeploymentPostprocessing = 0;
		};
/* End PBXSourcesBuildPhase section */

/* Begin PBXVariantGroup section */
		3FBFDE18241ECEE1006DAC7A /* Main.storyboard */ = {
			isa = PBXVariantGroup;
			children = (
				3FBFDE19241ECEE1006DAC7A /* Base */,
			);
			name = Main.storyboard;
			sourceTree = "<group>";
		};
		3FBFDE1D241ECEE1006DAC7A /* LaunchScreen.storyboard */ = {
			isa = PBXVariantGroup;
			children = (
				3FBFDE1E241ECEE1006DAC7A /* Base */,
			);
			name = LaunchScreen.storyboard;
			sourceTree = "<group>";
		};
/* End PBXVariantGroup section */

/* Begin XCBuildConfiguration section */
		3FBFDE2C241ECEE1006DAC7A /* Debug */ = {
			isa = XCBuildConfiguration;
			buildSettings = {
				ALWAYS_SEARCH_USER_PATHS = NO;
				CLANG_ANALYZER_NONNULL = YES;
				CLANG_ANALYZER_NUMBER_OBJECT_CONVERSION = YES_AGGRESSIVE;
				CLANG_CXX_LANGUAGE_STANDARD = "gnu++14";
				CLANG_CXX_LIBRARY = "libc++";
				CLANG_ENABLE_MODULES = YES;
				CLANG_ENABLE_OBJC_ARC = YES;
				CLANG_ENABLE_OBJC_WEAK = YES;
				CLANG_WARN_BLOCK_CAPTURE_AUTORELEASING = YES;
				CLANG_WARN_BOOL_CONVERSION = YES;
				CLANG_WARN_COMMA = YES;
				CLANG_WARN_CONSTANT_CONVERSION = YES;
				CLANG_WARN_DEPRECATED_OBJC_IMPLEMENTATIONS = YES;
				CLANG_WARN_DIRECT_OBJC_ISA_USAGE = YES_ERROR;
				CLANG_WARN_DOCUMENTATION_COMMENTS = YES;
				CLANG_WARN_EMPTY_BODY = YES;
				CLANG_WARN_ENUM_CONVERSION = YES;
				CLANG_WARN_INFINITE_RECURSION = YES;
				CLANG_WARN_INT_CONVERSION = YES;
				CLANG_WARN_NON_LITERAL_NULL_CONVERSION = YES;
				CLANG_WARN_OBJC_IMPLICIT_RETAIN_SELF = YES;
				CLANG_WARN_OBJC_LITERAL_CONVERSION = YES;
				CLANG_WARN_OBJC_ROOT_CLASS = YES_ERROR;
				CLANG_WARN_RANGE_LOOP_ANALYSIS = YES;
				CLANG_WARN_STRICT_PROTOTYPES = YES;
				CLANG_WARN_SUSPICIOUS_MOVE = YES;
				CLANG_WARN_UNGUARDED_AVAILABILITY = YES_AGGRESSIVE;
				CLANG_WARN_UNREACHABLE_CODE = YES;
				CLANG_WARN__DUPLICATE_METHOD_MATCH = YES;
				COPY_PHASE_STRIP = NO;
				DEBUG_INFORMATION_FORMAT = dwarf;
				ENABLE_STRICT_OBJC_MSGSEND = YES;
				ENABLE_TESTABILITY = YES;
				GCC_C_LANGUAGE_STANDARD = gnu11;
				GCC_DYNAMIC_NO_PIC = NO;
				GCC_NO_COMMON_BLOCKS = YES;
				GCC_OPTIMIZATION_LEVEL = 0;
				GCC_PREPROCESSOR_DEFINITIONS = (
					"DEBUG=1",
					"$(inherited)",
				);
				GCC_WARN_64_TO_32_BIT_CONVERSION = YES;
				GCC_WARN_ABOUT_RETURN_TYPE = YES_ERROR;
				GCC_WARN_UNDECLARED_SELECTOR = YES;
				GCC_WARN_UNINITIALIZED_AUTOS = YES_AGGRESSIVE;
				GCC_WARN_UNUSED_FUNCTION = YES;
				GCC_WARN_UNUSED_VARIABLE = YES;
				IPHONEOS_DEPLOYMENT_TARGET = 13.2;
				MTL_ENABLE_DEBUG_INFO = INCLUDE_SOURCE;
				MTL_FAST_MATH = YES;
				ONLY_ACTIVE_ARCH = YES;
				SDKROOT = iphoneos;
				SWIFT_ACTIVE_COMPILATION_CONDITIONS = DEBUG;
				SWIFT_OPTIMIZATION_LEVEL = "-Onone";
			};
			name = Debug;
		};
		3FBFDE2D241ECEE1006DAC7A /* Release */ = {
			isa = XCBuildConfiguration;
			buildSettings = {
				ALWAYS_SEARCH_USER_PATHS = NO;
				CLANG_ANALYZER_NONNULL = YES;
				CLANG_ANALYZER_NUMBER_OBJECT_CONVERSION = YES_AGGRESSIVE;
				CLANG_CXX_LANGUAGE_STANDARD = "gnu++14";
				CLANG_CXX_LIBRARY = "libc++";
				CLANG_ENABLE_MODULES = YES;
				CLANG_ENABLE_OBJC_ARC = YES;
				CLANG_ENABLE_OBJC_WEAK = YES;
				CLANG_WARN_BLOCK_CAPTURE_AUTORELEASING = YES;
				CLANG_WARN_BOOL_CONVERSION = YES;
				CLANG_WARN_COMMA = YES;
				CLANG_WARN_CONSTANT_CONVERSION = YES;
				CLANG_WARN_DEPRECATED_OBJC_IMPLEMENTATIONS = YES;
				CLANG_WARN_DIRECT_OBJC_ISA_USAGE = YES_ERROR;
				CLANG_WARN_DOCUMENTATION_COMMENTS = YES;
				CLANG_WARN_EMPTY_BODY = YES;
				CLANG_WARN_ENUM_CONVERSION = YES;
				CLANG_WARN_INFINITE_RECURSION = YES;
				CLANG_WARN_INT_CONVERSION = YES;
				CLANG_WARN_NON_LITERAL_NULL_CONVERSION = YES;
				CLANG_WARN_OBJC_IMPLICIT_RETAIN_SELF = YES;
				CLANG_WARN_OBJC_LITERAL_CONVERSION = YES;
				CLANG_WARN_OBJC_ROOT_CLASS = YES_ERROR;
				CLANG_WARN_RANGE_LOOP_ANALYSIS = YES;
				CLANG_WARN_STRICT_PROTOTYPES = YES;
				CLANG_WARN_SUSPICIOUS_MOVE = YES;
				CLANG_WARN_UNGUARDED_AVAILABILITY = YES_AGGRESSIVE;
				CLANG_WARN_UNREACHABLE_CODE = YES;
				CLANG_WARN__DUPLICATE_METHOD_MATCH = YES;
				COPY_PHASE_STRIP = NO;
				DEBUG_INFORMATION_FORMAT = "dwarf-with-dsym";
				ENABLE_NS_ASSERTIONS = NO;
				ENABLE_STRICT_OBJC_MSGSEND = YES;
				GCC_C_LANGUAGE_STANDARD = gnu11;
				GCC_NO_COMMON_BLOCKS = YES;
				GCC_WARN_64_TO_32_BIT_CONVERSION = YES;
				GCC_WARN_ABOUT_RETURN_TYPE = YES_ERROR;
				GCC_WARN_UNDECLARED_SELECTOR = YES;
				GCC_WARN_UNINITIALIZED_AUTOS = YES_AGGRESSIVE;
				GCC_WARN_UNUSED_FUNCTION = YES;
				GCC_WARN_UNUSED_VARIABLE = YES;
				IPHONEOS_DEPLOYMENT_TARGET = 13.2;
				MTL_ENABLE_DEBUG_INFO = NO;
				MTL_FAST_MATH = YES;
				SDKROOT = iphoneos;
				SWIFT_COMPILATION_MODE = wholemodule;
				SWIFT_OPTIMIZATION_LEVEL = "-O";
				VALIDATE_PRODUCT = YES;
			};
			name = Release;
		};
		3FBFDE2F241ECEE1006DAC7A /* Debug */ = {
			isa = XCBuildConfiguration;
			baseConfigurationReference = BECD4E5233A33DB992BE6982 /* Pods-iOS-FinanceApp.debug.xcconfig */;
			buildSettings = {
				ASSETCATALOG_COMPILER_APPICON_NAME = AppIcon;
				CODE_SIGN_STYLE = Automatic;
				DEVELOPMENT_TEAM = FH9R39U9P3;
				INFOPLIST_FILE = "iOS-FinanceApp/Info.plist";
				LD_RUNPATH_SEARCH_PATHS = (
					"$(inherited)",
					"@executable_path/Frameworks",
				);
				PRODUCT_BUNDLE_IDENTIFIER = "com.daksyonov.iOS-FinanceApp";
				PRODUCT_NAME = "$(TARGET_NAME)";
				SWIFT_VERSION = 5.0;
				TARGETED_DEVICE_FAMILY = "1,2";
			};
			name = Debug;
		};
		3FBFDE30241ECEE1006DAC7A /* Release */ = {
			isa = XCBuildConfiguration;
			baseConfigurationReference = D3B138EC1F2A429ECE071FF2 /* Pods-iOS-FinanceApp.release.xcconfig */;
			buildSettings = {
				ASSETCATALOG_COMPILER_APPICON_NAME = AppIcon;
				CODE_SIGN_STYLE = Automatic;
				DEVELOPMENT_TEAM = FH9R39U9P3;
				INFOPLIST_FILE = "iOS-FinanceApp/Info.plist";
				LD_RUNPATH_SEARCH_PATHS = (
					"$(inherited)",
					"@executable_path/Frameworks",
				);
				PRODUCT_BUNDLE_IDENTIFIER = "com.daksyonov.iOS-FinanceApp";
				PRODUCT_NAME = "$(TARGET_NAME)";
				SWIFT_VERSION = 5.0;
				TARGETED_DEVICE_FAMILY = "1,2";
			};
			name = Release;
		};
/* End XCBuildConfiguration section */

/* Begin XCConfigurationList section */
		3FBFDE0A241ECEE0006DAC7A /* Build configuration list for PBXProject "iOS-FinanceApp" */ = {
			isa = XCConfigurationList;
			buildConfigurations = (
				3FBFDE2C241ECEE1006DAC7A /* Debug */,
				3FBFDE2D241ECEE1006DAC7A /* Release */,
			);
			defaultConfigurationIsVisible = 0;
			defaultConfigurationName = Release;
		};
		3FBFDE2E241ECEE1006DAC7A /* Build configuration list for PBXNativeTarget "iOS-FinanceApp" */ = {
			isa = XCConfigurationList;
			buildConfigurations = (
				3FBFDE2F241ECEE1006DAC7A /* Debug */,
				3FBFDE30241ECEE1006DAC7A /* Release */,
			);
			defaultConfigurationIsVisible = 0;
			defaultConfigurationName = Release;
		};
/* End XCConfigurationList section */
	};
	rootObject = 3FBFDE07241ECEE0006DAC7A /* Project object */;
}
