// !$*UTF8*$!
{
	archiveVersion = 1;
	classes = {
	};
	objectVersion = 51;
	objects = {

/* Begin PBXBuildFile section */
		3F002F5D24201F19002C73F4 /* DataModel.swift in Sources */ = {isa = PBXBuildFile; fileRef = 3F002F5C24201F19002C73F4 /* DataModel.swift */; };
		3F1B00A124241C390070E0FF /* FinanceOverviewCell.swift in Sources */ = {isa = PBXBuildFile; fileRef = 3F1B00A024241C390070E0FF /* FinanceOverviewCell.swift */; };
		3FBFDE13241ECEE1006DAC7A /* AppDelegate.swift in Sources */ = {isa = PBXBuildFile; fileRef = 3FBFDE12241ECEE1006DAC7A /* AppDelegate.swift */; };
		3FBFDE15241ECEE1006DAC7A /* SceneDelegate.swift in Sources */ = {isa = PBXBuildFile; fileRef = 3FBFDE14241ECEE1006DAC7A /* SceneDelegate.swift */; };
		3FBFDE17241ECEE1006DAC7A /* FinanceOverviewController.swift in Sources */ = {isa = PBXBuildFile; fileRef = 3FBFDE16241ECEE1006DAC7A /* FinanceOverviewController.swift */; };
		3FBFDE1A241ECEE1006DAC7A /* Main.storyboard in Resources */ = {isa = PBXBuildFile; fileRef = 3FBFDE18241ECEE1006DAC7A /* Main.storyboard */; };
		3FBFDE1C241ECEE1006DAC7A /* Assets.xcassets in Resources */ = {isa = PBXBuildFile; fileRef = 3FBFDE1B241ECEE1006DAC7A /* Assets.xcassets */; };
		3FBFDE1F241ECEE1006DAC7A /* LaunchScreen.storyboard in Resources */ = {isa = PBXBuildFile; fileRef = 3FBFDE1D241ECEE1006DAC7A /* LaunchScreen.storyboard */; };
		3FBFDE2A241ECEE1006DAC7A /* iOS_FinanceAppTests.swift in Sources */ = {isa = PBXBuildFile; fileRef = 3FBFDE29241ECEE1006DAC7A /* iOS_FinanceAppTests.swift */; };
		3FBFDE35241ED1A7006DAC7A /* ExpensesDetailsViewController.swift in Sources */ = {isa = PBXBuildFile; fileRef = 3FBFDE34241ED1A7006DAC7A /* ExpensesDetailsViewController.swift */; };
		3FBFDE37241ED1CC006DAC7A /* GraphViewController.swift in Sources */ = {isa = PBXBuildFile; fileRef = 3FBFDE36241ED1CC006DAC7A /* GraphViewController.swift */; };
		4C62FD04D41A19FFF56A5BD6 /* Pods_iOS_FinanceApp.framework in Frameworks */ = {isa = PBXBuildFile; fileRef = 0D33046D10F3C7B6F8AAD027 /* Pods_iOS_FinanceApp.framework */; };
		B746C6E52445E0CC0004BD75 /* EntryInsertionViewController.swift in Sources */ = {isa = PBXBuildFile; fileRef = B746C6E42445E0CC0004BD75 /* EntryInsertionViewController.swift */; };
		B79C1DDF244C3E38002B657E /* ExpensesDetailsCell.swift in Sources */ = {isa = PBXBuildFile; fileRef = B79C1DDE244C3E37002B657E /* ExpensesDetailsCell.swift */; };
		B7B50201245956430008BADE /* DataValidation.swift in Sources */ = {isa = PBXBuildFile; fileRef = B7B50200245956430008BADE /* DataValidation.swift */; };
		B7BA9FB1244C318D00923A60 /* Misc and Helpers.swift in Sources */ = {isa = PBXBuildFile; fileRef = B7BA9FB0244C318D00923A60 /* Misc and Helpers.swift */; };
/* End PBXBuildFile section */

/* Begin PBXContainerItemProxy section */
		3FBFDE26241ECEE1006DAC7A /* PBXContainerItemProxy */ = {
			isa = PBXContainerItemProxy;
			containerPortal = 3FBFDE07241ECEE0006DAC7A /* Project object */;
			proxyType = 1;
			remoteGlobalIDString = 3FBFDE0E241ECEE0006DAC7A;
			remoteInfo = "iOS-FinanceApp";
		};
/* End PBXContainerItemProxy section */

/* Begin PBXFileReference section */
		0D33046D10F3C7B6F8AAD027 /* Pods_iOS_FinanceApp.framework */ = {isa = PBXFileReference; explicitFileType = wrapper.framework; includeInIndex = 0; path = Pods_iOS_FinanceApp.framework; sourceTree = BUILT_PRODUCTS_DIR; };
		2858A21C49D374232C16FF9A /* Pods-iOS-FinanceApp.release.xcconfig */ = {isa = PBXFileReference; includeInIndex = 1; lastKnownFileType = text.xcconfig; name = "Pods-iOS-FinanceApp.release.xcconfig"; path = "Target Support Files/Pods-iOS-FinanceApp/Pods-iOS-FinanceApp.release.xcconfig"; sourceTree = "<group>"; };
		3F002F5C24201F19002C73F4 /* DataModel.swift */ = {isa = PBXFileReference; lastKnownFileType = sourcecode.swift; path = DataModel.swift; sourceTree = "<group>"; };
		3F1B00A024241C390070E0FF /* FinanceOverviewCell.swift */ = {isa = PBXFileReference; lastKnownFileType = sourcecode.swift; path = FinanceOverviewCell.swift; sourceTree = "<group>"; };
		3FBFDE0F241ECEE0006DAC7A /* iOS-FinanceApp.app */ = {isa = PBXFileReference; explicitFileType = wrapper.application; includeInIndex = 0; path = "iOS-FinanceApp.app"; sourceTree = BUILT_PRODUCTS_DIR; };
		3FBFDE12241ECEE1006DAC7A /* AppDelegate.swift */ = {isa = PBXFileReference; lastKnownFileType = sourcecode.swift; path = AppDelegate.swift; sourceTree = "<group>"; };
		3FBFDE14241ECEE1006DAC7A /* SceneDelegate.swift */ = {isa = PBXFileReference; lastKnownFileType = sourcecode.swift; path = SceneDelegate.swift; sourceTree = "<group>"; };
		3FBFDE16241ECEE1006DAC7A /* FinanceOverviewController.swift */ = {isa = PBXFileReference; lastKnownFileType = sourcecode.swift; path = FinanceOverviewController.swift; sourceTree = "<group>"; };
		3FBFDE19241ECEE1006DAC7A /* Base */ = {isa = PBXFileReference; lastKnownFileType = file.storyboard; name = Base; path = Base.lproj/Main.storyboard; sourceTree = "<group>"; };
		3FBFDE1B241ECEE1006DAC7A /* Assets.xcassets */ = {isa = PBXFileReference; lastKnownFileType = folder.assetcatalog; path = Assets.xcassets; sourceTree = "<group>"; };
		3FBFDE1E241ECEE1006DAC7A /* Base */ = {isa = PBXFileReference; lastKnownFileType = file.storyboard; name = Base; path = Base.lproj/LaunchScreen.storyboard; sourceTree = "<group>"; };
		3FBFDE20241ECEE1006DAC7A /* Info.plist */ = {isa = PBXFileReference; lastKnownFileType = text.plist.xml; path = Info.plist; sourceTree = "<group>"; };
		3FBFDE25241ECEE1006DAC7A /* iOS-FinanceAppTests.xctest */ = {isa = PBXFileReference; explicitFileType = wrapper.cfbundle; includeInIndex = 0; path = "iOS-FinanceAppTests.xctest"; sourceTree = BUILT_PRODUCTS_DIR; };
		3FBFDE29241ECEE1006DAC7A /* iOS_FinanceAppTests.swift */ = {isa = PBXFileReference; lastKnownFileType = sourcecode.swift; path = iOS_FinanceAppTests.swift; sourceTree = "<group>"; };
		3FBFDE2B241ECEE1006DAC7A /* Info.plist */ = {isa = PBXFileReference; lastKnownFileType = text.plist.xml; path = Info.plist; sourceTree = "<group>"; };
		3FBFDE34241ED1A7006DAC7A /* ExpensesDetailsViewController.swift */ = {isa = PBXFileReference; lastKnownFileType = sourcecode.swift; path = ExpensesDetailsViewController.swift; sourceTree = "<group>"; };
		3FBFDE36241ED1CC006DAC7A /* GraphViewController.swift */ = {isa = PBXFileReference; lastKnownFileType = sourcecode.swift; path = GraphViewController.swift; sourceTree = "<group>"; };
		5E496E4FD60BA64AAD139CD5 /* Pods-iOS-FinanceApp.debug.xcconfig */ = {isa = PBXFileReference; includeInIndex = 1; lastKnownFileType = text.xcconfig; name = "Pods-iOS-FinanceApp.debug.xcconfig"; path = "Target Support Files/Pods-iOS-FinanceApp/Pods-iOS-FinanceApp.debug.xcconfig"; sourceTree = "<group>"; };
		B746C6E42445E0CC0004BD75 /* EntryInsertionViewController.swift */ = {isa = PBXFileReference; lastKnownFileType = sourcecode.swift; path = EntryInsertionViewController.swift; sourceTree = "<group>"; };
		B79C1DDE244C3E37002B657E /* ExpensesDetailsCell.swift */ = {isa = PBXFileReference; lastKnownFileType = sourcecode.swift; name = ExpensesDetailsCell.swift; path = "/Users/user168750/Documents/GitHub/iOS-FinanceApp/iOS-FinanceApp/ExpensesDetailsCell.swift"; sourceTree = "<absolute>"; };
		B7B50200245956430008BADE /* DataValidation.swift */ = {isa = PBXFileReference; lastKnownFileType = sourcecode.swift; path = DataValidation.swift; sourceTree = "<group>"; };
		B7BA9FB0244C318D00923A60 /* Misc and Helpers.swift */ = {isa = PBXFileReference; lastKnownFileType = sourcecode.swift; path = "Misc and Helpers.swift"; sourceTree = "<group>"; };
/* End PBXFileReference section */

/* Begin PBXFrameworksBuildPhase section */
		3FBFDE0C241ECEE0006DAC7A /* Frameworks */ = {
			isa = PBXFrameworksBuildPhase;
			buildActionMask = 2147483647;
			files = (
				4C62FD04D41A19FFF56A5BD6 /* Pods_iOS_FinanceApp.framework in Frameworks */,
			);
			runOnlyForDeploymentPostprocessing = 0;
		};
		3FBFDE22241ECEE1006DAC7A /* Frameworks */ = {
			isa = PBXFrameworksBuildPhase;
			buildActionMask = 2147483647;
			files = (
			);
			runOnlyForDeploymentPostprocessing = 0;
		};
/* End PBXFrameworksBuildPhase section */

/* Begin PBXGroup section */
		3C0300666E1FABC8FE736C23 /* Pods */ = {
			isa = PBXGroup;
			children = (
				5E496E4FD60BA64AAD139CD5 /* Pods-iOS-FinanceApp.debug.xcconfig */,
				2858A21C49D374232C16FF9A /* Pods-iOS-FinanceApp.release.xcconfig */,
			);
			path = Pods;
			sourceTree = "<group>";
		};
		3FBFDE06241ECEE0006DAC7A = {
			isa = PBXGroup;
			children = (
				3FBFDE11241ECEE0006DAC7A /* iOS-FinanceApp */,
				3FBFDE28241ECEE1006DAC7A /* iOS-FinanceAppTests */,
				3FBFDE10241ECEE0006DAC7A /* Products */,
				3C0300666E1FABC8FE736C23 /* Pods */,
				E50316570A7C9D3C470A1067 /* Frameworks */,
			);
			sourceTree = "<group>";
		};
		3FBFDE10241ECEE0006DAC7A /* Products */ = {
			isa = PBXGroup;
			children = (
				3FBFDE0F241ECEE0006DAC7A /* iOS-FinanceApp.app */,
				3FBFDE25241ECEE1006DAC7A /* iOS-FinanceAppTests.xctest */,
			);
			name = Products;
			sourceTree = "<group>";
		};
		3FBFDE11241ECEE0006DAC7A /* iOS-FinanceApp */ = {
			isa = PBXGroup;
			children = (
				3FBFDE12241ECEE1006DAC7A /* AppDelegate.swift */,
				3FBFDE14241ECEE1006DAC7A /* SceneDelegate.swift */,
				3F002F5C24201F19002C73F4 /* DataModel.swift */,
				B7BA9FB0244C318D00923A60 /* Misc and Helpers.swift */,
				B7B50200245956430008BADE /* DataValidation.swift */,
				3F1B00A024241C390070E0FF /* FinanceOverviewCell.swift */,
				B79C1DDE244C3E37002B657E /* ExpensesDetailsCell.swift */,
				3FBFDE38241ED1D9006DAC7A /* Controllers */,
				3FBFDE18241ECEE1006DAC7A /* Main.storyboard */,
				3FBFDE1B241ECEE1006DAC7A /* Assets.xcassets */,
				3FBFDE1D241ECEE1006DAC7A /* LaunchScreen.storyboard */,
				3FBFDE20241ECEE1006DAC7A /* Info.plist */,
			);
			path = "iOS-FinanceApp";
			sourceTree = "<group>";
		};
		3FBFDE28241ECEE1006DAC7A /* iOS-FinanceAppTests */ = {
			isa = PBXGroup;
			children = (
				3FBFDE29241ECEE1006DAC7A /* iOS_FinanceAppTests.swift */,
				3FBFDE2B241ECEE1006DAC7A /* Info.plist */,
			);
			path = "iOS-FinanceAppTests";
			sourceTree = "<group>";
		};
		3FBFDE38241ED1D9006DAC7A /* Controllers */ = {
			isa = PBXGroup;
			children = (
				3FBFDE16241ECEE1006DAC7A /* FinanceOverviewController.swift */,
				3FBFDE34241ED1A7006DAC7A /* ExpensesDetailsViewController.swift */,
				3FBFDE36241ED1CC006DAC7A /* GraphViewController.swift */,
				B746C6E42445E0CC0004BD75 /* EntryInsertionViewController.swift */,
			);
			path = Controllers;
			sourceTree = "<group>";
		};
		E50316570A7C9D3C470A1067 /* Frameworks */ = {
			isa = PBXGroup;
			children = (
				0D33046D10F3C7B6F8AAD027 /* Pods_iOS_FinanceApp.framework */,
			);
			name = Frameworks;
			sourceTree = "<group>";
		};
/* End PBXGroup section */

/* Begin PBXNativeTarget section */
		3FBFDE0E241ECEE0006DAC7A /* iOS-FinanceApp */ = {
			isa = PBXNativeTarget;
			buildConfigurationList = 3FBFDE2E241ECEE1006DAC7A /* Build configuration list for PBXNativeTarget "iOS-FinanceApp" */;
			buildPhases = (
				823D5E4F71999A8EDC522D46 /* [CP] Check Pods Manifest.lock */,
				3FBFDE0B241ECEE0006DAC7A /* Sources */,
				3FBFDE0C241ECEE0006DAC7A /* Frameworks */,
				3FBFDE0D241ECEE0006DAC7A /* Resources */,
				D822EE4C9A8E9C259CA020C5 /* [CP] Embed Pods Frameworks */,
			);
			buildRules = (
			);
			dependencies = (
			);
			name = "iOS-FinanceApp";
			productName = "iOS-FinanceApp";
			productReference = 3FBFDE0F241ECEE0006DAC7A /* iOS-FinanceApp.app */;
			productType = "com.apple.product-type.application";
		};
		3FBFDE24241ECEE1006DAC7A /* iOS-FinanceAppTests */ = {
			isa = PBXNativeTarget;
			buildConfigurationList = 3FBFDE31241ECEE1006DAC7A /* Build configuration list for PBXNativeTarget "iOS-FinanceAppTests" */;
			buildPhases = (
				3FBFDE21241ECEE1006DAC7A /* Sources */,
				3FBFDE22241ECEE1006DAC7A /* Frameworks */,
				3FBFDE23241ECEE1006DAC7A /* Resources */,
			);
			buildRules = (
			);
			dependencies = (
				3FBFDE27241ECEE1006DAC7A /* PBXTargetDependency */,
			);
			name = "iOS-FinanceAppTests";
			productName = "iOS-FinanceAppTests";
			productReference = 3FBFDE25241ECEE1006DAC7A /* iOS-FinanceAppTests.xctest */;
			productType = "com.apple.product-type.bundle.unit-test";
		};
/* End PBXNativeTarget section */

/* Begin PBXProject section */
		3FBFDE07241ECEE0006DAC7A /* Project object */ = {
			isa = PBXProject;
			attributes = {
				LastSwiftUpdateCheck = 1130;
				LastUpgradeCheck = 1130;
				ORGANIZATIONNAME = "Dmitry Aksyonov";
				TargetAttributes = {
					3FBFDE0E241ECEE0006DAC7A = {
						CreatedOnToolsVersion = 11.3.1;
					};
					3FBFDE24241ECEE1006DAC7A = {
						CreatedOnToolsVersion = 11.3.1;
						TestTargetID = 3FBFDE0E241ECEE0006DAC7A;
					};
				};
			};
			buildConfigurationList = 3FBFDE0A241ECEE0006DAC7A /* Build configuration list for PBXProject "iOS-FinanceApp" */;
			compatibilityVersion = "Xcode 9.3";
			developmentRegion = en;
			hasScannedForEncodings = 0;
			knownRegions = (
				en,
				Base,
			);
			mainGroup = 3FBFDE06241ECEE0006DAC7A;
			productRefGroup = 3FBFDE10241ECEE0006DAC7A /* Products */;
			projectDirPath = "";
			projectRoot = "";
			targets = (
				3FBFDE0E241ECEE0006DAC7A /* iOS-FinanceApp */,
				3FBFDE24241ECEE1006DAC7A /* iOS-FinanceAppTests */,
			);
		};
/* End PBXProject section */

/* Begin PBXResourcesBuildPhase section */
		3FBFDE0D241ECEE0006DAC7A /* Resources */ = {
			isa = PBXResourcesBuildPhase;
			buildActionMask = 2147483647;
			files = (
				3FBFDE1F241ECEE1006DAC7A /* LaunchScreen.storyboard in Resources */,
				3FBFDE1C241ECEE1006DAC7A /* Assets.xcassets in Resources */,
				3FBFDE1A241ECEE1006DAC7A /* Main.storyboard in Resources */,
			);
			runOnlyForDeploymentPostprocessing = 0;
		};
		3FBFDE23241ECEE1006DAC7A /* Resources */ = {
			isa = PBXResourcesBuildPhase;
			buildActionMask = 2147483647;
			files = (
			);
			runOnlyForDeploymentPostprocessing = 0;
		};
/* End PBXResourcesBuildPhase section */

/* Begin PBXShellScriptBuildPhase section */
		823D5E4F71999A8EDC522D46 /* [CP] Check Pods Manifest.lock */ = {
			isa = PBXShellScriptBuildPhase;
			buildActionMask = 2147483647;
			files = (
			);
			inputFileListPaths = (
			);
			inputPaths = (
				"${PODS_PODFILE_DIR_PATH}/Podfile.lock",
				"${PODS_ROOT}/Manifest.lock",
			);
			name = "[CP] Check Pods Manifest.lock";
			outputFileListPaths = (
			);
			outputPaths = (
				"$(DERIVED_FILE_DIR)/Pods-iOS-FinanceApp-checkManifestLockResult.txt",
			);
			runOnlyForDeploymentPostprocessing = 0;
			shellPath = /bin/sh;
			shellScript = "diff \"${PODS_PODFILE_DIR_PATH}/Podfile.lock\" \"${PODS_ROOT}/Manifest.lock\" > /dev/null\nif [ $? != 0 ] ; then\n    # print error to STDERR\n    echo \"error: The sandbox is not in sync with the Podfile.lock. Run 'pod install' or update your CocoaPods installation.\" >&2\n    exit 1\nfi\n# This output is used by Xcode 'outputs' to avoid re-running this script phase.\necho \"SUCCESS\" > \"${SCRIPT_OUTPUT_FILE_0}\"\n";
			showEnvVarsInLog = 0;
		};
		D822EE4C9A8E9C259CA020C5 /* [CP] Embed Pods Frameworks */ = {
			isa = PBXShellScriptBuildPhase;
			buildActionMask = 2147483647;
			files = (
			);
			inputFileListPaths = (
				"${PODS_ROOT}/Target Support Files/Pods-iOS-FinanceApp/Pods-iOS-FinanceApp-frameworks-${CONFIGURATION}-input-files.xcfilelist",
			);
			name = "[CP] Embed Pods Frameworks";
			outputFileListPaths = (
				"${PODS_ROOT}/Target Support Files/Pods-iOS-FinanceApp/Pods-iOS-FinanceApp-frameworks-${CONFIGURATION}-output-files.xcfilelist",
			);
			runOnlyForDeploymentPostprocessing = 0;
			shellPath = /bin/sh;
			shellScript = "\"${PODS_ROOT}/Target Support Files/Pods-iOS-FinanceApp/Pods-iOS-FinanceApp-frameworks.sh\"\n";
			showEnvVarsInLog = 0;
		};
/* End PBXShellScriptBuildPhase section */

/* Begin PBXSourcesBuildPhase section */
		3FBFDE0B241ECEE0006DAC7A /* Sources */ = {
			isa = PBXSourcesBuildPhase;
			buildActionMask = 2147483647;
			files = (
				B7B50201245956430008BADE /* DataValidation.swift in Sources */,
				3FBFDE17241ECEE1006DAC7A /* FinanceOverviewController.swift in Sources */,
				3FBFDE37241ED1CC006DAC7A /* GraphViewController.swift in Sources */,
				3FBFDE13241ECEE1006DAC7A /* AppDelegate.swift in Sources */,
				3FBFDE35241ED1A7006DAC7A /* ExpensesDetailsViewController.swift in Sources */,
				B7BA9FB1244C318D00923A60 /* Misc and Helpers.swift in Sources */,
				3F1B00A124241C390070E0FF /* FinanceOverviewCell.swift in Sources */,
				B746C6E52445E0CC0004BD75 /* EntryInsertionViewController.swift in Sources */,
				B79C1DDF244C3E38002B657E /* ExpensesDetailsCell.swift in Sources */,
				3FBFDE15241ECEE1006DAC7A /* SceneDelegate.swift in Sources */,
				3F002F5D24201F19002C73F4 /* DataModel.swift in Sources */,
			);
			runOnlyForDeploymentPostprocessing = 0;
		};
		3FBFDE21241ECEE1006DAC7A /* Sources */ = {
			isa = PBXSourcesBuildPhase;
			buildActionMask = 2147483647;
			files = (
				3FBFDE2A241ECEE1006DAC7A /* iOS_FinanceAppTests.swift in Sources */,
			);
			runOnlyForDeploymentPostprocessing = 0;
		};
/* End PBXSourcesBuildPhase section */

/* Begin PBXTargetDependency section */
		3FBFDE27241ECEE1006DAC7A /* PBXTargetDependency */ = {
			isa = PBXTargetDependency;
			target = 3FBFDE0E241ECEE0006DAC7A /* iOS-FinanceApp */;
			targetProxy = 3FBFDE26241ECEE1006DAC7A /* PBXContainerItemProxy */;
		};
/* End PBXTargetDependency section */

/* Begin PBXVariantGroup section */
		3FBFDE18241ECEE1006DAC7A /* Main.storyboard */ = {
			isa = PBXVariantGroup;
			children = (
				3FBFDE19241ECEE1006DAC7A /* Base */,
			);
			name = Main.storyboard;
			sourceTree = "<group>";
		};
		3FBFDE1D241ECEE1006DAC7A /* LaunchScreen.storyboard */ = {
			isa = PBXVariantGroup;
			children = (
				3FBFDE1E241ECEE1006DAC7A /* Base */,
			);
			name = LaunchScreen.storyboard;
			sourceTree = "<group>";
		};
/* End PBXVariantGroup section */

/* Begin XCBuildConfiguration section */
		3FBFDE2C241ECEE1006DAC7A /* Debug */ = {
			isa = XCBuildConfiguration;
			buildSettings = {
				ALWAYS_SEARCH_USER_PATHS = NO;
				CLANG_ANALYZER_NONNULL = YES;
				CLANG_ANALYZER_NUMBER_OBJECT_CONVERSION = YES_AGGRESSIVE;
				CLANG_CXX_LANGUAGE_STANDARD = "gnu++14";
				CLANG_CXX_LIBRARY = "libc++";
				CLANG_ENABLE_MODULES = YES;
				CLANG_ENABLE_OBJC_ARC = YES;
				CLANG_ENABLE_OBJC_WEAK = YES;
				CLANG_WARN_BLOCK_CAPTURE_AUTORELEASING = YES;
				CLANG_WARN_BOOL_CONVERSION = YES;
				CLANG_WARN_COMMA = YES;
				CLANG_WARN_CONSTANT_CONVERSION = YES;
				CLANG_WARN_DEPRECATED_OBJC_IMPLEMENTATIONS = YES;
				CLANG_WARN_DIRECT_OBJC_ISA_USAGE = YES_ERROR;
				CLANG_WARN_DOCUMENTATION_COMMENTS = YES;
				CLANG_WARN_EMPTY_BODY = YES;
				CLANG_WARN_ENUM_CONVERSION = YES;
				CLANG_WARN_INFINITE_RECURSION = YES;
				CLANG_WARN_INT_CONVERSION = YES;
				CLANG_WARN_NON_LITERAL_NULL_CONVERSION = YES;
				CLANG_WARN_OBJC_IMPLICIT_RETAIN_SELF = YES;
				CLANG_WARN_OBJC_LITERAL_CONVERSION = YES;
				CLANG_WARN_OBJC_ROOT_CLASS = YES_ERROR;
				CLANG_WARN_RANGE_LOOP_ANALYSIS = YES;
				CLANG_WARN_STRICT_PROTOTYPES = YES;
				CLANG_WARN_SUSPICIOUS_MOVE = YES;
				CLANG_WARN_UNGUARDED_AVAILABILITY = YES_AGGRESSIVE;
				CLANG_WARN_UNREACHABLE_CODE = YES;
				CLANG_WARN__DUPLICATE_METHOD_MATCH = YES;
				COPY_PHASE_STRIP = NO;
				DEBUG_INFORMATION_FORMAT = dwarf;
				ENABLE_STRICT_OBJC_MSGSEND = YES;
				ENABLE_TESTABILITY = YES;
				GCC_C_LANGUAGE_STANDARD = gnu11;
				GCC_DYNAMIC_NO_PIC = NO;
				GCC_NO_COMMON_BLOCKS = YES;
				GCC_OPTIMIZATION_LEVEL = 0;
				GCC_PREPROCESSOR_DEFINITIONS = (
					"DEBUG=1",
					"$(inherited)",
				);
				GCC_WARN_64_TO_32_BIT_CONVERSION = YES;
				GCC_WARN_ABOUT_RETURN_TYPE = YES_ERROR;
				GCC_WARN_UNDECLARED_SELECTOR = YES;
				GCC_WARN_UNINITIALIZED_AUTOS = YES_AGGRESSIVE;
				GCC_WARN_UNUSED_FUNCTION = YES;
				GCC_WARN_UNUSED_VARIABLE = YES;
				IPHONEOS_DEPLOYMENT_TARGET = 13.2;
				MTL_ENABLE_DEBUG_INFO = INCLUDE_SOURCE;
				MTL_FAST_MATH = YES;
				ONLY_ACTIVE_ARCH = YES;
				SDKROOT = iphoneos;
				SWIFT_ACTIVE_COMPILATION_CONDITIONS = DEBUG;
				SWIFT_OPTIMIZATION_LEVEL = "-Onone";
			};
			name = Debug;
		};
		3FBFDE2D241ECEE1006DAC7A /* Release */ = {
			isa = XCBuildConfiguration;
			buildSettings = {
				ALWAYS_SEARCH_USER_PATHS = NO;
				CLANG_ANALYZER_NONNULL = YES;
				CLANG_ANALYZER_NUMBER_OBJECT_CONVERSION = YES_AGGRESSIVE;
				CLANG_CXX_LANGUAGE_STANDARD = "gnu++14";
				CLANG_CXX_LIBRARY = "libc++";
				CLANG_ENABLE_MODULES = YES;
				CLANG_ENABLE_OBJC_ARC = YES;
				CLANG_ENABLE_OBJC_WEAK = YES;
				CLANG_WARN_BLOCK_CAPTURE_AUTORELEASING = YES;
				CLANG_WARN_BOOL_CONVERSION = YES;
				CLANG_WARN_COMMA = YES;
				CLANG_WARN_CONSTANT_CONVERSION = YES;
				CLANG_WARN_DEPRECATED_OBJC_IMPLEMENTATIONS = YES;
				CLANG_WARN_DIRECT_OBJC_ISA_USAGE = YES_ERROR;
				CLANG_WARN_DOCUMENTATION_COMMENTS = YES;
				CLANG_WARN_EMPTY_BODY = YES;
				CLANG_WARN_ENUM_CONVERSION = YES;
				CLANG_WARN_INFINITE_RECURSION = YES;
				CLANG_WARN_INT_CONVERSION = YES;
				CLANG_WARN_NON_LITERAL_NULL_CONVERSION = YES;
				CLANG_WARN_OBJC_IMPLICIT_RETAIN_SELF = YES;
				CLANG_WARN_OBJC_LITERAL_CONVERSION = YES;
				CLANG_WARN_OBJC_ROOT_CLASS = YES_ERROR;
				CLANG_WARN_RANGE_LOOP_ANALYSIS = YES;
				CLANG_WARN_STRICT_PROTOTYPES = YES;
				CLANG_WARN_SUSPICIOUS_MOVE = YES;
				CLANG_WARN_UNGUARDED_AVAILABILITY = YES_AGGRESSIVE;
				CLANG_WARN_UNREACHABLE_CODE = YES;
				CLANG_WARN__DUPLICATE_METHOD_MATCH = YES;
				COPY_PHASE_STRIP = NO;
				DEBUG_INFORMATION_FORMAT = "dwarf-with-dsym";
				ENABLE_NS_ASSERTIONS = NO;
				ENABLE_STRICT_OBJC_MSGSEND = YES;
				GCC_C_LANGUAGE_STANDARD = gnu11;
				GCC_NO_COMMON_BLOCKS = YES;
				GCC_WARN_64_TO_32_BIT_CONVERSION = YES;
				GCC_WARN_ABOUT_RETURN_TYPE = YES_ERROR;
				GCC_WARN_UNDECLARED_SELECTOR = YES;
				GCC_WARN_UNINITIALIZED_AUTOS = YES_AGGRESSIVE;
				GCC_WARN_UNUSED_FUNCTION = YES;
				GCC_WARN_UNUSED_VARIABLE = YES;
				IPHONEOS_DEPLOYMENT_TARGET = 13.2;
				MTL_ENABLE_DEBUG_INFO = NO;
				MTL_FAST_MATH = YES;
				SDKROOT = iphoneos;
				SWIFT_COMPILATION_MODE = wholemodule;
				SWIFT_OPTIMIZATION_LEVEL = "-O";
				VALIDATE_PRODUCT = YES;
			};
			name = Release;
		};
		3FBFDE2F241ECEE1006DAC7A /* Debug */ = {
			isa = XCBuildConfiguration;
			baseConfigurationReference = 5E496E4FD60BA64AAD139CD5 /* Pods-iOS-FinanceApp.debug.xcconfig */;
			buildSettings = {
				ASSETCATALOG_COMPILER_APPICON_NAME = AppIcon;
				CODE_SIGN_STYLE = Automatic;
				DEVELOPMENT_TEAM = FH9R39U9P3;
				INFOPLIST_FILE = "iOS-FinanceApp/Info.plist";
				LD_RUNPATH_SEARCH_PATHS = (
					"$(inherited)",
					"@executable_path/Frameworks",
				);
				PRODUCT_BUNDLE_IDENTIFIER = "com.daksyonov.iOS-FinanceApp";
				PRODUCT_NAME = "$(TARGET_NAME)";
				SWIFT_VERSION = 5.0;
				TARGETED_DEVICE_FAMILY = "1,2";
			};
			name = Debug;
		};
		3FBFDE30241ECEE1006DAC7A /* Release */ = {
			isa = XCBuildConfiguration;
			baseConfigurationReference = 2858A21C49D374232C16FF9A /* Pods-iOS-FinanceApp.release.xcconfig */;
			buildSettings = {
				ASSETCATALOG_COMPILER_APPICON_NAME = AppIcon;
				CODE_SIGN_STYLE = Automatic;
				DEVELOPMENT_TEAM = FH9R39U9P3;
				INFOPLIST_FILE = "iOS-FinanceApp/Info.plist";
				LD_RUNPATH_SEARCH_PATHS = (
					"$(inherited)",
					"@executable_path/Frameworks",
				);
				PRODUCT_BUNDLE_IDENTIFIER = "com.daksyonov.iOS-FinanceApp";
				PRODUCT_NAME = "$(TARGET_NAME)";
				SWIFT_VERSION = 5.0;
				TARGETED_DEVICE_FAMILY = "1,2";
			};
			name = Release;
		};
		3FBFDE32241ECEE1006DAC7A /* Debug */ = {
			isa = XCBuildConfiguration;
			buildSettings = {
				ALWAYS_EMBED_SWIFT_STANDARD_LIBRARIES = YES;
				BUNDLE_LOADER = "$(TEST_HOST)";
				CODE_SIGN_STYLE = Automatic;
				DEVELOPMENT_TEAM = FH9R39U9P3;
				INFOPLIST_FILE = "iOS-FinanceAppTests/Info.plist";
				IPHONEOS_DEPLOYMENT_TARGET = 13.2;
				LD_RUNPATH_SEARCH_PATHS = (
					"$(inherited)",
					"@executable_path/Frameworks",
					"@loader_path/Frameworks",
				);
				PRODUCT_BUNDLE_IDENTIFIER = "com.daksyonov.iOS-FinanceAppTests";
				PRODUCT_NAME = "$(TARGET_NAME)";
				SWIFT_VERSION = 5.0;
				TARGETED_DEVICE_FAMILY = "1,2";
				TEST_HOST = "$(BUILT_PRODUCTS_DIR)/iOS-FinanceApp.app/iOS-FinanceApp";
			};
			name = Debug;
		};
		3FBFDE33241ECEE1006DAC7A /* Release */ = {
			isa = XCBuildConfiguration;
			buildSettings = {
				ALWAYS_EMBED_SWIFT_STANDARD_LIBRARIES = YES;
				BUNDLE_LOADER = "$(TEST_HOST)";
				CODE_SIGN_STYLE = Automatic;
				DEVELOPMENT_TEAM = FH9R39U9P3;
				INFOPLIST_FILE = "iOS-FinanceAppTests/Info.plist";
				IPHONEOS_DEPLOYMENT_TARGET = 13.2;
				LD_RUNPATH_SEARCH_PATHS = (
					"$(inherited)",
					"@executable_path/Frameworks",
					"@loader_path/Frameworks",
				);
				PRODUCT_BUNDLE_IDENTIFIER = "com.daksyonov.iOS-FinanceAppTests";
				PRODUCT_NAME = "$(TARGET_NAME)";
				SWIFT_VERSION = 5.0;
				TARGETED_DEVICE_FAMILY = "1,2";
				TEST_HOST = "$(BUILT_PRODUCTS_DIR)/iOS-FinanceApp.app/iOS-FinanceApp";
			};
			name = Release;
		};
/* End XCBuildConfiguration section */

/* Begin XCConfigurationList section */
		3FBFDE0A241ECEE0006DAC7A /* Build configuration list for PBXProject "iOS-FinanceApp" */ = {
			isa = XCConfigurationList;
			buildConfigurations = (
				3FBFDE2C241ECEE1006DAC7A /* Debug */,
				3FBFDE2D241ECEE1006DAC7A /* Release */,
			);
			defaultConfigurationIsVisible = 0;
			defaultConfigurationName = Release;
		};
		3FBFDE2E241ECEE1006DAC7A /* Build configuration list for PBXNativeTarget "iOS-FinanceApp" */ = {
			isa = XCConfigurationList;
			buildConfigurations = (
				3FBFDE2F241ECEE1006DAC7A /* Debug */,
				3FBFDE30241ECEE1006DAC7A /* Release */,
			);
			defaultConfigurationIsVisible = 0;
			defaultConfigurationName = Release;
		};
		3FBFDE31241ECEE1006DAC7A /* Build configuration list for PBXNativeTarget "iOS-FinanceAppTests" */ = {
			isa = XCConfigurationList;
			buildConfigurations = (
				3FBFDE32241ECEE1006DAC7A /* Debug */,
				3FBFDE33241ECEE1006DAC7A /* Release */,
			);
			defaultConfigurationIsVisible = 0;
			defaultConfigurationName = Release;
		};
/* End XCConfigurationList section */
	};
	rootObject = 3FBFDE07241ECEE0006DAC7A /* Project object */;
}
